
Microsoft Visual Studio Solution File, Format Version 12.00
# Visual Studio Version 16
VisualStudioVersion = 16.0.29924.181
MinimumVisualStudioVersion = 10.0.40219.1
Project("{8BC9CEB8-8B4A-11D0-8D11-00A0C91BC942}") = "Testing", "Testing.vcxproj", "{0CEB2AFC-557E-4C44-94A4-D67D9DAE2E83}"
EndProject
Global
	GlobalSection(SolutionConfigurationPlatforms) = preSolution
		Debug|x64 = Debug|x64
		Debug|x86 = Debug|x86
		Release|x64 = Release|x64
		Release|x86 = Release|x86
	EndGlobalSection
	GlobalSection(ProjectConfigurationPlatforms) = postSolution
		{0CEB2AFC-557E-4C44-94A4-D67D9DAE2E83}.Debug|x64.ActiveCfg = Debug|x64
		{0CEB2AFC-557E-4C44-94A4-D67D9DAE2E83}.Debug|x64.Build.0 = Debug|x64
		{0CEB2AFC-557E-4C44-94A4-D67D9DAE2E83}.Debug|x86.ActiveCfg = Debug|Win32
		{0CEB2AFC-557E-4C44-94A4-D67D9DAE2E83}.Debug|x86.Build.0 = Debug|Win32
		{0CEB2AFC-557E-4C44-94A4-D67D9DAE2E83}.Release|x64.ActiveCfg = Release|x64
		{0CEB2AFC-557E-4C44-94A4-D67D9DAE2E83}.Release|x64.Build.0 = Release|x64
		{0CEB2AFC-557E-4C44-94A4-D67D9DAE2E83}.Release|x86.ActiveCfg = Release|Win32
		{0CEB2AFC-557E-4C44-94A4-D67D9DAE2E83}.Release|x86.Build.0 = Release|Win32
	EndGlobalSection
	GlobalSection(SolutionProperties) = preSolution
		HideSolutionNode = FALSE
	EndGlobalSection
	GlobalSection(ExtensibilityGlobals) = postSolution
		SolutionGuid = {ED704C96-2312-4FF7-BBE0-0531B4F07F70}
	EndGlobalSection
EndGlobal
